
Microsoft Visual Studio Solution File, Format Version 12.00
# Visual Studio Version 17
VisualStudioVersion = 17.1.32407.343
MinimumVisualStudioVersion = 10.0.40219.1
Project("{9A19103F-16F7-4668-BE54-9A1E7A4F7556}") = "BooksWeb", "BooksWeb\BooksWeb.csproj", "{B1418ABE-0E8D-4428-B999-66C8FD4B1C15}"
EndProject
Project("{2150E333-8FDC-42A3-9474-1A3956D46DE8}") = "Solution Items", "Solution Items", "{50FE3A66-2917-4456-ADE7-6F6BA3B569E3}"
	ProjectSection(SolutionItems) = preProject
		.editorconfig = .editorconfig
	EndProjectSection
EndProject
Global
	GlobalSection(SolutionConfigurationPlatforms) = preSolution
		Debug|Any CPU = Debug|Any CPU
		Release|Any CPU = Release|Any CPU
	EndGlobalSection
	GlobalSection(ProjectConfigurationPlatforms) = postSolution
		{B1418ABE-0E8D-4428-B999-66C8FD4B1C15}.Debug|Any CPU.ActiveCfg = Debug|Any CPU
		{B1418ABE-0E8D-4428-B999-66C8FD4B1C15}.Debug|Any CPU.Build.0 = Debug|Any CPU
		{B1418ABE-0E8D-4428-B999-66C8FD4B1C15}.Release|Any CPU.ActiveCfg = Release|Any CPU
		{B1418ABE-0E8D-4428-B999-66C8FD4B1C15}.Release|Any CPU.Build.0 = Release|Any CPU
	EndGlobalSection
	GlobalSection(SolutionProperties) = preSolution
		HideSolutionNode = FALSE
	EndGlobalSection
	GlobalSection(ExtensibilityGlobals) = postSolution
		SolutionGuid = {B6E10620-23B3-4EF8-9876-7C2D1EC38791}
	EndGlobalSection
EndGlobal
